// !$*UTF8*$!
{
	archiveVersion = 1;
	classes = {
	};
	objectVersion = 55;
	objects = {

/* Begin PBXBuildFile section */
		63F5A23A27F3314B0052BE88 /* Animation_TestApp.swift in Sources */ = {isa = PBXBuildFile; fileRef = 63F5A23927F3314B0052BE88 /* Animation_TestApp.swift */; };
		63F5A23C27F3314B0052BE88 /* ContentView.swift in Sources */ = {isa = PBXBuildFile; fileRef = 63F5A23B27F3314B0052BE88 /* ContentView.swift */; };
		63F5A23E27F3314C0052BE88 /* Assets.xcassets in Resources */ = {isa = PBXBuildFile; fileRef = 63F5A23D27F3314C0052BE88 /* Assets.xcassets */; };
		63F5A24127F3314C0052BE88 /* Preview Assets.xcassets in Resources */ = {isa = PBXBuildFile; fileRef = 63F5A24027F3314C0052BE88 /* Preview Assets.xcassets */; };
		63F5A24B27F3314C0052BE88 /* Animation_TestTests.swift in Sources */ = {isa = PBXBuildFile; fileRef = 63F5A24A27F3314C0052BE88 /* Animation_TestTests.swift */; };
		63F5A25527F3314C0052BE88 /* Animation_TestUITests.swift in Sources */ = {isa = PBXBuildFile; fileRef = 63F5A25427F3314C0052BE88 /* Animation_TestUITests.swift */; };
		63F5A25727F3314C0052BE88 /* Animation_TestUITestsLaunchTests.swift in Sources */ = {isa = PBXBuildFile; fileRef = 63F5A25627F3314C0052BE88 /* Animation_TestUITestsLaunchTests.swift */; };
		63F5A26427F355290052BE88 /* BrailleTrial.swift in Sources */ = {isa = PBXBuildFile; fileRef = 63F5A26327F355290052BE88 /* BrailleTrial.swift */; };
		63F5A26627F359150052BE88 /* Dot.swift in Sources */ = {isa = PBXBuildFile; fileRef = 63F5A26527F359150052BE88 /* Dot.swift */; };
		63F5A26827F36E0F0052BE88 /* ScrollingView.swift in Sources */ = {isa = PBXBuildFile; fileRef = 63F5A26727F36E0F0052BE88 /* ScrollingView.swift */; };
		63F5A26A27F386810052BE88 /* ScrollingView2.swift in Sources */ = {isa = PBXBuildFile; fileRef = 63F5A26927F386810052BE88 /* ScrollingView2.swift */; };
		63F5A26C27F39D550052BE88 /* MainPage.swift in Sources */ = {isa = PBXBuildFile; fileRef = 63F5A26B27F39D550052BE88 /* MainPage.swift */; };
		63F5A26E27F4C7020052BE88 /* TheoryView.swift in Sources */ = {isa = PBXBuildFile; fileRef = 63F5A26D27F4C7020052BE88 /* TheoryView.swift */; };
		63F5A27127F4CA880052BE88 /* Menlo.ttc in Resources */ = {isa = PBXBuildFile; fileRef = 63F5A27027F4CA880052BE88 /* Menlo.ttc */; };
		63F5A27227F4CA880052BE88 /* Menlo.ttc in Resources */ = {isa = PBXBuildFile; fileRef = 63F5A27027F4CA880052BE88 /* Menlo.ttc */; };
		63F5A27327F4CA880052BE88 /* Menlo.ttc in Resources */ = {isa = PBXBuildFile; fileRef = 63F5A27027F4CA880052BE88 /* Menlo.ttc */; };
/* End PBXBuildFile section */

/* Begin PBXContainerItemProxy section */
		63F5A24727F3314C0052BE88 /* PBXContainerItemProxy */ = {
			isa = PBXContainerItemProxy;
			containerPortal = 63F5A22E27F3314B0052BE88 /* Project object */;
			proxyType = 1;
			remoteGlobalIDString = 63F5A23527F3314B0052BE88;
			remoteInfo = Animation_Test;
		};
		63F5A25127F3314C0052BE88 /* PBXContainerItemProxy */ = {
			isa = PBXContainerItemProxy;
			containerPortal = 63F5A22E27F3314B0052BE88 /* Project object */;
			proxyType = 1;
			remoteGlobalIDString = 63F5A23527F3314B0052BE88;
			remoteInfo = Animation_Test;
		};
/* End PBXContainerItemProxy section */

/* Begin PBXFileReference section */
		63F5A23627F3314B0052BE88 /* Animation_Test.app */ = {isa = PBXFileReference; explicitFileType = wrapper.application; includeInIndex = 0; path = Animation_Test.app; sourceTree = BUILT_PRODUCTS_DIR; };
		63F5A23927F3314B0052BE88 /* Animation_TestApp.swift */ = {isa = PBXFileReference; lastKnownFileType = sourcecode.swift; path = Animation_TestApp.swift; sourceTree = "<group>"; };
		63F5A23B27F3314B0052BE88 /* ContentView.swift */ = {isa = PBXFileReference; lastKnownFileType = sourcecode.swift; path = ContentView.swift; sourceTree = "<group>"; };
		63F5A23D27F3314C0052BE88 /* Assets.xcassets */ = {isa = PBXFileReference; lastKnownFileType = folder.assetcatalog; path = Assets.xcassets; sourceTree = "<group>"; };
		63F5A24027F3314C0052BE88 /* Preview Assets.xcassets */ = {isa = PBXFileReference; lastKnownFileType = folder.assetcatalog; path = "Preview Assets.xcassets"; sourceTree = "<group>"; };
		63F5A24627F3314C0052BE88 /* Animation_TestTests.xctest */ = {isa = PBXFileReference; explicitFileType = wrapper.cfbundle; includeInIndex = 0; path = Animation_TestTests.xctest; sourceTree = BUILT_PRODUCTS_DIR; };
		63F5A24A27F3314C0052BE88 /* Animation_TestTests.swift */ = {isa = PBXFileReference; lastKnownFileType = sourcecode.swift; path = Animation_TestTests.swift; sourceTree = "<group>"; };
		63F5A25027F3314C0052BE88 /* Animation_TestUITests.xctest */ = {isa = PBXFileReference; explicitFileType = wrapper.cfbundle; includeInIndex = 0; path = Animation_TestUITests.xctest; sourceTree = BUILT_PRODUCTS_DIR; };
		63F5A25427F3314C0052BE88 /* Animation_TestUITests.swift */ = {isa = PBXFileReference; lastKnownFileType = sourcecode.swift; path = Animation_TestUITests.swift; sourceTree = "<group>"; };
		63F5A25627F3314C0052BE88 /* Animation_TestUITestsLaunchTests.swift */ = {isa = PBXFileReference; lastKnownFileType = sourcecode.swift; path = Animation_TestUITestsLaunchTests.swift; sourceTree = "<group>"; };
		63F5A26327F355290052BE88 /* BrailleTrial.swift */ = {isa = PBXFileReference; lastKnownFileType = sourcecode.swift; path = BrailleTrial.swift; sourceTree = "<group>"; };
		63F5A26527F359150052BE88 /* Dot.swift */ = {isa = PBXFileReference; lastKnownFileType = sourcecode.swift; path = Dot.swift; sourceTree = "<group>"; };
		63F5A26727F36E0F0052BE88 /* ScrollingView.swift */ = {isa = PBXFileReference; lastKnownFileType = sourcecode.swift; path = ScrollingView.swift; sourceTree = "<group>"; };
		63F5A26927F386810052BE88 /* ScrollingView2.swift */ = {isa = PBXFileReference; lastKnownFileType = sourcecode.swift; path = ScrollingView2.swift; sourceTree = "<group>"; };
		63F5A26B27F39D550052BE88 /* MainPage.swift */ = {isa = PBXFileReference; lastKnownFileType = sourcecode.swift; path = MainPage.swift; sourceTree = "<group>"; };
		63F5A26D27F4C7020052BE88 /* TheoryView.swift */ = {isa = PBXFileReference; lastKnownFileType = sourcecode.swift; path = TheoryView.swift; sourceTree = "<group>"; };
		63F5A27027F4CA880052BE88 /* Menlo.ttc */ = {isa = PBXFileReference; lastKnownFileType = file; path = Menlo.ttc; sourceTree = "<group>"; };
		63F5A27427F4CAB40052BE88 /* Animation-Test-Info.plist */ = {isa = PBXFileReference; lastKnownFileType = text.plist; path = "Animation-Test-Info.plist"; sourceTree = SOURCE_ROOT; };
/* End PBXFileReference section */

/* Begin PBXFrameworksBuildPhase section */
		63F5A23327F3314B0052BE88 /* Frameworks */ = {
			isa = PBXFrameworksBuildPhase;
			buildActionMask = 2147483647;
			files = (
			);
			runOnlyForDeploymentPostprocessing = 0;
		};
		63F5A24327F3314C0052BE88 /* Frameworks */ = {
			isa = PBXFrameworksBuildPhase;
			buildActionMask = 2147483647;
			files = (
			);
			runOnlyForDeploymentPostprocessing = 0;
		};
		63F5A24D27F3314C0052BE88 /* Frameworks */ = {
			isa = PBXFrameworksBuildPhase;
			buildActionMask = 2147483647;
			files = (
			);
			runOnlyForDeploymentPostprocessing = 0;
		};
/* End PBXFrameworksBuildPhase section */

/* Begin PBXGroup section */
		63F5A22D27F3314B0052BE88 = {
			isa = PBXGroup;
			children = (
				63F5A23827F3314B0052BE88 /* Animation_Test */,
				63F5A24927F3314C0052BE88 /* Animation_TestTests */,
				63F5A25327F3314C0052BE88 /* Animation_TestUITests */,
				63F5A23727F3314B0052BE88 /* Products */,
			);
			sourceTree = "<group>";
		};
		63F5A23727F3314B0052BE88 /* Products */ = {
			isa = PBXGroup;
			children = (
				63F5A23627F3314B0052BE88 /* Animation_Test.app */,
				63F5A24627F3314C0052BE88 /* Animation_TestTests.xctest */,
				63F5A25027F3314C0052BE88 /* Animation_TestUITests.xctest */,
			);
			name = Products;
			sourceTree = "<group>";
		};
		63F5A23827F3314B0052BE88 /* Animation_Test */ = {
			isa = PBXGroup;
			children = (
				63F5A27427F4CAB40052BE88 /* Animation-Test-Info.plist */,
				63F5A26F27F4CA580052BE88 /* Fonts */,
				63F5A23927F3314B0052BE88 /* Animation_TestApp.swift */,
				63F5A26B27F39D550052BE88 /* MainPage.swift */,
				63F5A26D27F4C7020052BE88 /* TheoryView.swift */,
				63F5A26327F355290052BE88 /* BrailleTrial.swift */,
				63F5A26727F36E0F0052BE88 /* ScrollingView.swift */,
				63F5A26927F386810052BE88 /* ScrollingView2.swift */,
				63F5A26527F359150052BE88 /* Dot.swift */,
				63F5A23B27F3314B0052BE88 /* ContentView.swift */,
				63F5A23D27F3314C0052BE88 /* Assets.xcassets */,
				63F5A23F27F3314C0052BE88 /* Preview Content */,
			);
			path = Animation_Test;
			sourceTree = "<group>";
		};
		63F5A23F27F3314C0052BE88 /* Preview Content */ = {
			isa = PBXGroup;
			children = (
				63F5A24027F3314C0052BE88 /* Preview Assets.xcassets */,
			);
			path = "Preview Content";
			sourceTree = "<group>";
		};
		63F5A24927F3314C0052BE88 /* Animation_TestTests */ = {
			isa = PBXGroup;
			children = (
				63F5A24A27F3314C0052BE88 /* Animation_TestTests.swift */,
			);
			path = Animation_TestTests;
			sourceTree = "<group>";
		};
		63F5A25327F3314C0052BE88 /* Animation_TestUITests */ = {
			isa = PBXGroup;
			children = (
				63F5A25427F3314C0052BE88 /* Animation_TestUITests.swift */,
				63F5A25627F3314C0052BE88 /* Animation_TestUITestsLaunchTests.swift */,
			);
			path = Animation_TestUITests;
			sourceTree = "<group>";
		};
		63F5A26F27F4CA580052BE88 /* Fonts */ = {
			isa = PBXGroup;
			children = (
				63F5A27027F4CA880052BE88 /* Menlo.ttc */,
			);
			path = Fonts;
			sourceTree = "<group>";
		};
/* End PBXGroup section */

/* Begin PBXNativeTarget section */
		63F5A23527F3314B0052BE88 /* Animation_Test */ = {
			isa = PBXNativeTarget;
			buildConfigurationList = 63F5A25A27F3314C0052BE88 /* Build configuration list for PBXNativeTarget "Animation_Test" */;
			buildPhases = (
				63F5A23227F3314B0052BE88 /* Sources */,
				63F5A23327F3314B0052BE88 /* Frameworks */,
				63F5A23427F3314B0052BE88 /* Resources */,
			);
			buildRules = (
			);
			dependencies = (
			);
			name = Animation_Test;
			productName = Animation_Test;
			productReference = 63F5A23627F3314B0052BE88 /* Animation_Test.app */;
			productType = "com.apple.product-type.application";
		};
		63F5A24527F3314C0052BE88 /* Animation_TestTests */ = {
			isa = PBXNativeTarget;
			buildConfigurationList = 63F5A25D27F3314C0052BE88 /* Build configuration list for PBXNativeTarget "Animation_TestTests" */;
			buildPhases = (
				63F5A24227F3314C0052BE88 /* Sources */,
				63F5A24327F3314C0052BE88 /* Frameworks */,
				63F5A24427F3314C0052BE88 /* Resources */,
			);
			buildRules = (
			);
			dependencies = (
				63F5A24827F3314C0052BE88 /* PBXTargetDependency */,
			);
			name = Animation_TestTests;
			productName = Animation_TestTests;
			productReference = 63F5A24627F3314C0052BE88 /* Animation_TestTests.xctest */;
			productType = "com.apple.product-type.bundle.unit-test";
		};
		63F5A24F27F3314C0052BE88 /* Animation_TestUITests */ = {
			isa = PBXNativeTarget;
			buildConfigurationList = 63F5A26027F3314C0052BE88 /* Build configuration list for PBXNativeTarget "Animation_TestUITests" */;
			buildPhases = (
				63F5A24C27F3314C0052BE88 /* Sources */,
				63F5A24D27F3314C0052BE88 /* Frameworks */,
				63F5A24E27F3314C0052BE88 /* Resources */,
			);
			buildRules = (
			);
			dependencies = (
				63F5A25227F3314C0052BE88 /* PBXTargetDependency */,
			);
			name = Animation_TestUITests;
			productName = Animation_TestUITests;
			productReference = 63F5A25027F3314C0052BE88 /* Animation_TestUITests.xctest */;
			productType = "com.apple.product-type.bundle.ui-testing";
		};
/* End PBXNativeTarget section */

/* Begin PBXProject section */
		63F5A22E27F3314B0052BE88 /* Project object */ = {
			isa = PBXProject;
			attributes = {
				BuildIndependentTargetsInParallel = 1;
				LastSwiftUpdateCheck = 1300;
				LastUpgradeCheck = 1300;
				TargetAttributes = {
					63F5A23527F3314B0052BE88 = {
						CreatedOnToolsVersion = 13.0;
					};
					63F5A24527F3314C0052BE88 = {
						CreatedOnToolsVersion = 13.0;
						TestTargetID = 63F5A23527F3314B0052BE88;
					};
					63F5A24F27F3314C0052BE88 = {
						CreatedOnToolsVersion = 13.0;
						TestTargetID = 63F5A23527F3314B0052BE88;
					};
				};
			};
			buildConfigurationList = 63F5A23127F3314B0052BE88 /* Build configuration list for PBXProject "Animation_Test" */;
			compatibilityVersion = "Xcode 13.0";
			developmentRegion = en;
			hasScannedForEncodings = 0;
			knownRegions = (
				en,
				Base,
			);
			mainGroup = 63F5A22D27F3314B0052BE88;
			productRefGroup = 63F5A23727F3314B0052BE88 /* Products */;
			projectDirPath = "";
			projectRoot = "";
			targets = (
				63F5A23527F3314B0052BE88 /* Animation_Test */,
				63F5A24527F3314C0052BE88 /* Animation_TestTests */,
				63F5A24F27F3314C0052BE88 /* Animation_TestUITests */,
			);
		};
/* End PBXProject section */

/* Begin PBXResourcesBuildPhase section */
		63F5A23427F3314B0052BE88 /* Resources */ = {
			isa = PBXResourcesBuildPhase;
			buildActionMask = 2147483647;
			files = (
				63F5A24127F3314C0052BE88 /* Preview Assets.xcassets in Resources */,
				63F5A27127F4CA880052BE88 /* Menlo.ttc in Resources */,
				63F5A23E27F3314C0052BE88 /* Assets.xcassets in Resources */,
			);
			runOnlyForDeploymentPostprocessing = 0;
		};
		63F5A24427F3314C0052BE88 /* Resources */ = {
			isa = PBXResourcesBuildPhase;
			buildActionMask = 2147483647;
			files = (
				63F5A27227F4CA880052BE88 /* Menlo.ttc in Resources */,
			);
			runOnlyForDeploymentPostprocessing = 0;
		};
		63F5A24E27F3314C0052BE88 /* Resources */ = {
			isa = PBXResourcesBuildPhase;
			buildActionMask = 2147483647;
			files = (
				63F5A27327F4CA880052BE88 /* Menlo.ttc in Resources */,
			);
			runOnlyForDeploymentPostprocessing = 0;
		};
/* End PBXResourcesBuildPhase section */

/* Begin PBXSourcesBuildPhase section */
		63F5A23227F3314B0052BE88 /* Sources */ = {
			isa = PBXSourcesBuildPhase;
			buildActionMask = 2147483647;
			files = (
				63F5A26A27F386810052BE88 /* ScrollingView2.swift in Sources */,
				63F5A26E27F4C7020052BE88 /* TheoryView.swift in Sources */,
				63F5A26427F355290052BE88 /* BrailleTrial.swift in Sources */,
				63F5A23C27F3314B0052BE88 /* ContentView.swift in Sources */,
				63F5A26827F36E0F0052BE88 /* ScrollingView.swift in Sources */,
				63F5A23A27F3314B0052BE88 /* Animation_TestApp.swift in Sources */,
				63F5A26C27F39D550052BE88 /* MainPage.swift in Sources */,
				63F5A26627F359150052BE88 /* Dot.swift in Sources */,
			);
			runOnlyForDeploymentPostprocessing = 0;
		};
		63F5A24227F3314C0052BE88 /* Sources */ = {
			isa = PBXSourcesBuildPhase;
			buildActionMask = 2147483647;
			files = (
				63F5A24B27F3314C0052BE88 /* Animation_TestTests.swift in Sources */,
			);
			runOnlyForDeploymentPostprocessing = 0;
		};
		63F5A24C27F3314C0052BE88 /* Sources */ = {
			isa = PBXSourcesBuildPhase;
			buildActionMask = 2147483647;
			files = (
				63F5A25527F3314C0052BE88 /* Animation_TestUITests.swift in Sources */,
				63F5A25727F3314C0052BE88 /* Animation_TestUITestsLaunchTests.swift in Sources */,
			);
			runOnlyForDeploymentPostprocessing = 0;
		};
/* End PBXSourcesBuildPhase section */

/* Begin PBXTargetDependency section */
		63F5A24827F3314C0052BE88 /* PBXTargetDependency */ = {
			isa = PBXTargetDependency;
			target = 63F5A23527F3314B0052BE88 /* Animation_Test */;
			targetProxy = 63F5A24727F3314C0052BE88 /* PBXContainerItemProxy */;
		};
		63F5A25227F3314C0052BE88 /* PBXTargetDependency */ = {
			isa = PBXTargetDependency;
			target = 63F5A23527F3314B0052BE88 /* Animation_Test */;
			targetProxy = 63F5A25127F3314C0052BE88 /* PBXContainerItemProxy */;
		};
/* End PBXTargetDependency section */

/* Begin XCBuildConfiguration section */
		63F5A25827F3314C0052BE88 /* Debug */ = {
			isa = XCBuildConfiguration;
			buildSettings = {
				ALWAYS_SEARCH_USER_PATHS = NO;
				CLANG_ANALYZER_NONNULL = YES;
				CLANG_ANALYZER_NUMBER_OBJECT_CONVERSION = YES_AGGRESSIVE;
				CLANG_CXX_LANGUAGE_STANDARD = "gnu++17";
				CLANG_CXX_LIBRARY = "libc++";
				CLANG_ENABLE_MODULES = YES;
				CLANG_ENABLE_OBJC_ARC = YES;
				CLANG_ENABLE_OBJC_WEAK = YES;
				CLANG_WARN_BLOCK_CAPTURE_AUTORELEASING = YES;
				CLANG_WARN_BOOL_CONVERSION = YES;
				CLANG_WARN_COMMA = YES;
				CLANG_WARN_CONSTANT_CONVERSION = YES;
				CLANG_WARN_DEPRECATED_OBJC_IMPLEMENTATIONS = YES;
				CLANG_WARN_DIRECT_OBJC_ISA_USAGE = YES_ERROR;
				CLANG_WARN_DOCUMENTATION_COMMENTS = YES;
				CLANG_WARN_EMPTY_BODY = YES;
				CLANG_WARN_ENUM_CONVERSION = YES;
				CLANG_WARN_INFINITE_RECURSION = YES;
				CLANG_WARN_INT_CONVERSION = YES;
				CLANG_WARN_NON_LITERAL_NULL_CONVERSION = YES;
				CLANG_WARN_OBJC_IMPLICIT_RETAIN_SELF = YES;
				CLANG_WARN_OBJC_LITERAL_CONVERSION = YES;
				CLANG_WARN_OBJC_ROOT_CLASS = YES_ERROR;
				CLANG_WARN_QUOTED_INCLUDE_IN_FRAMEWORK_HEADER = YES;
				CLANG_WARN_RANGE_LOOP_ANALYSIS = YES;
				CLANG_WARN_STRICT_PROTOTYPES = YES;
				CLANG_WARN_SUSPICIOUS_MOVE = YES;
				CLANG_WARN_UNGUARDED_AVAILABILITY = YES_AGGRESSIVE;
				CLANG_WARN_UNREACHABLE_CODE = YES;
				CLANG_WARN__DUPLICATE_METHOD_MATCH = YES;
				COPY_PHASE_STRIP = NO;
				DEBUG_INFORMATION_FORMAT = dwarf;
				ENABLE_STRICT_OBJC_MSGSEND = YES;
				ENABLE_TESTABILITY = YES;
				GCC_C_LANGUAGE_STANDARD = gnu11;
				GCC_DYNAMIC_NO_PIC = NO;
				GCC_NO_COMMON_BLOCKS = YES;
				GCC_OPTIMIZATION_LEVEL = 0;
				GCC_PREPROCESSOR_DEFINITIONS = (
					"DEBUG=1",
					"$(inherited)",
				);
				GCC_WARN_64_TO_32_BIT_CONVERSION = YES;
				GCC_WARN_ABOUT_RETURN_TYPE = YES_ERROR;
				GCC_WARN_UNDECLARED_SELECTOR = YES;
				GCC_WARN_UNINITIALIZED_AUTOS = YES_AGGRESSIVE;
				GCC_WARN_UNUSED_FUNCTION = YES;
				GCC_WARN_UNUSED_VARIABLE = YES;
				IPHONEOS_DEPLOYMENT_TARGET = 15.0;
				MTL_ENABLE_DEBUG_INFO = INCLUDE_SOURCE;
				MTL_FAST_MATH = YES;
				ONLY_ACTIVE_ARCH = YES;
				SDKROOT = iphoneos;
				SWIFT_ACTIVE_COMPILATION_CONDITIONS = DEBUG;
				SWIFT_OPTIMIZATION_LEVEL = "-Onone";
			};
			name = Debug;
		};
		63F5A25927F3314C0052BE88 /* Release */ = {
			isa = XCBuildConfiguration;
			buildSettings = {
				ALWAYS_SEARCH_USER_PATHS = NO;
				CLANG_ANALYZER_NONNULL = YES;
				CLANG_ANALYZER_NUMBER_OBJECT_CONVERSION = YES_AGGRESSIVE;
				CLANG_CXX_LANGUAGE_STANDARD = "gnu++17";
				CLANG_CXX_LIBRARY = "libc++";
				CLANG_ENABLE_MODULES = YES;
				CLANG_ENABLE_OBJC_ARC = YES;
				CLANG_ENABLE_OBJC_WEAK = YES;
				CLANG_WARN_BLOCK_CAPTURE_AUTORELEASING = YES;
				CLANG_WARN_BOOL_CONVERSION = YES;
				CLANG_WARN_COMMA = YES;
				CLANG_WARN_CONSTANT_CONVERSION = YES;
				CLANG_WARN_DEPRECATED_OBJC_IMPLEMENTATIONS = YES;
				CLANG_WARN_DIRECT_OBJC_ISA_USAGE = YES_ERROR;
				CLANG_WARN_DOCUMENTATION_COMMENTS = YES;
				CLANG_WARN_EMPTY_BODY = YES;
				CLANG_WARN_ENUM_CONVERSION = YES;
				CLANG_WARN_INFINITE_RECURSION = YES;
				CLANG_WARN_INT_CONVERSION = YES;
				CLANG_WARN_NON_LITERAL_NULL_CONVERSION = YES;
				CLANG_WARN_OBJC_IMPLICIT_RETAIN_SELF = YES;
				CLANG_WARN_OBJC_LITERAL_CONVERSION = YES;
				CLANG_WARN_OBJC_ROOT_CLASS = YES_ERROR;
				CLANG_WARN_QUOTED_INCLUDE_IN_FRAMEWORK_HEADER = YES;
				CLANG_WARN_RANGE_LOOP_ANALYSIS = YES;
				CLANG_WARN_STRICT_PROTOTYPES = YES;
				CLANG_WARN_SUSPICIOUS_MOVE = YES;
				CLANG_WARN_UNGUARDED_AVAILABILITY = YES_AGGRESSIVE;
				CLANG_WARN_UNREACHABLE_CODE = YES;
				CLANG_WARN__DUPLICATE_METHOD_MATCH = YES;
				COPY_PHASE_STRIP = NO;
				DEBUG_INFORMATION_FORMAT = "dwarf-with-dsym";
				ENABLE_NS_ASSERTIONS = NO;
				ENABLE_STRICT_OBJC_MSGSEND = YES;
				GCC_C_LANGUAGE_STANDARD = gnu11;
				GCC_NO_COMMON_BLOCKS = YES;
				GCC_WARN_64_TO_32_BIT_CONVERSION = YES;
				GCC_WARN_ABOUT_RETURN_TYPE = YES_ERROR;
				GCC_WARN_UNDECLARED_SELECTOR = YES;
				GCC_WARN_UNINITIALIZED_AUTOS = YES_AGGRESSIVE;
				GCC_WARN_UNUSED_FUNCTION = YES;
				GCC_WARN_UNUSED_VARIABLE = YES;
				IPHONEOS_DEPLOYMENT_TARGET = 15.0;
				MTL_ENABLE_DEBUG_INFO = NO;
				MTL_FAST_MATH = YES;
				SDKROOT = iphoneos;
				SWIFT_COMPILATION_MODE = wholemodule;
				SWIFT_OPTIMIZATION_LEVEL = "-O";
				VALIDATE_PRODUCT = YES;
			};
			name = Release;
		};
		63F5A25B27F3314C0052BE88 /* Debug */ = {
			isa = XCBuildConfiguration;
			buildSettings = {
				ASSETCATALOG_COMPILER_APPICON_NAME = AppIcon;
				ASSETCATALOG_COMPILER_GLOBAL_ACCENT_COLOR_NAME = AccentColor;
				CODE_SIGN_STYLE = Automatic;
				CURRENT_PROJECT_VERSION = 1;
				DEVELOPMENT_ASSET_PATHS = "\"Animation_Test/Preview Content\"";
				DEVELOPMENT_TEAM = C7KJ79ADA8;
				ENABLE_PREVIEWS = YES;
				GENERATE_INFOPLIST_FILE = YES;
				INFOPLIST_FILE = "Animation-Test-Info.plist";
				INFOPLIST_KEY_LSApplicationCategoryType = "";
				INFOPLIST_KEY_UIApplicationSceneManifest_Generation = YES;
				INFOPLIST_KEY_UIApplicationSupportsIndirectInputEvents = YES;
				INFOPLIST_KEY_UILaunchScreen_Generation = YES;
				INFOPLIST_KEY_UISupportedInterfaceOrientations_iPad = "UIInterfaceOrientationPortrait UIInterfaceOrientationPortraitUpsideDown UIInterfaceOrientationLandscapeLeft UIInterfaceOrientationLandscapeRight";
				INFOPLIST_KEY_UISupportedInterfaceOrientations_iPhone = "UIInterfaceOrientationPortrait UIInterfaceOrientationLandscapeLeft UIInterfaceOrientationLandscapeRight";
				IPHONEOS_DEPLOYMENT_TARGET = 14.0;
				LD_RUNPATH_SEARCH_PATHS = (
					"$(inherited)",
					"@executable_path/Frameworks",
				);
				MARKETING_VERSION = 1.0;
				PRODUCT_BUNDLE_IDENTIFIER = "Xcode1.Animation-Test";
				PRODUCT_NAME = "$(TARGET_NAME)";
				SWIFT_EMIT_LOC_STRINGS = YES;
				SWIFT_VERSION = 5.0;
				TARGETED_DEVICE_FAMILY = "1,2";
			};
			name = Debug;
		};
		63F5A25C27F3314C0052BE88 /* Release */ = {
			isa = XCBuildConfiguration;
			buildSettings = {
				ASSETCATALOG_COMPILER_APPICON_NAME = AppIcon;
				ASSETCATALOG_COMPILER_GLOBAL_ACCENT_COLOR_NAME = AccentColor;
				CODE_SIGN_STYLE = Automatic;
				CURRENT_PROJECT_VERSION = 1;
				DEVELOPMENT_ASSET_PATHS = "\"Animation_Test/Preview Content\"";
				DEVELOPMENT_TEAM = C7KJ79ADA8;
				ENABLE_PREVIEWS = YES;
				GENERATE_INFOPLIST_FILE = YES;
				INFOPLIST_FILE = "Animation-Test-Info.plist";
				INFOPLIST_KEY_LSApplicationCategoryType = "";
				INFOPLIST_KEY_UIApplicationSceneManifest_Generation = YES;
				INFOPLIST_KEY_UIApplicationSupportsIndirectInputEvents = YES;
				INFOPLIST_KEY_UILaunchScreen_Generation = YES;
				INFOPLIST_KEY_UISupportedInterfaceOrientations_iPad = "UIInterfaceOrientationPortrait UIInterfaceOrientationPortraitUpsideDown UIInterfaceOrientationLandscapeLeft UIInterfaceOrientationLandscapeRight";
				INFOPLIST_KEY_UISupportedInterfaceOrientations_iPhone = "UIInterfaceOrientationPortrait UIInterfaceOrientationLandscapeLeft UIInterfaceOrientationLandscapeRight";
				IPHONEOS_DEPLOYMENT_TARGET = 14.0;
				LD_RUNPATH_SEARCH_PATHS = (
					"$(inherited)",
					"@executable_path/Frameworks",
				);
				MARKETING_VERSION = 1.0;
				PRODUCT_BUNDLE_IDENTIFIER = "Xcode1.Animation-Test";
				PRODUCT_NAME = "$(TARGET_NAME)";
				SWIFT_EMIT_LOC_STRINGS = YES;
				SWIFT_VERSION = 5.0;
				TARGETED_DEVICE_FAMILY = "1,2";
			};
			name = Release;
		};
		63F5A25E27F3314C0052BE88 /* Debug */ = {
			isa = XCBuildConfiguration;
			buildSettings = {
				ALWAYS_EMBED_SWIFT_STANDARD_LIBRARIES = YES;
				BUNDLE_LOADER = "$(TEST_HOST)";
				CODE_SIGN_STYLE = Automatic;
				CURRENT_PROJECT_VERSION = 1;
				DEVELOPMENT_TEAM = C7KJ79ADA8;
				GENERATE_INFOPLIST_FILE = YES;
				IPHONEOS_DEPLOYMENT_TARGET = 14.0;
				LD_RUNPATH_SEARCH_PATHS = (
					"$(inherited)",
					"@executable_path/Frameworks",
					"@loader_path/Frameworks",
				);
				MARKETING_VERSION = 1.0;
				PRODUCT_BUNDLE_IDENTIFIER = "Xcode1.Animation-TestTests";
				PRODUCT_NAME = "$(TARGET_NAME)";
				SWIFT_EMIT_LOC_STRINGS = NO;
				SWIFT_VERSION = 5.0;
				TARGETED_DEVICE_FAMILY = "1,2";
				TEST_HOST = "$(BUILT_PRODUCTS_DIR)/Animation_Test.app/Animation_Test";
			};
			name = Debug;
		};
		63F5A25F27F3314C0052BE88 /* Release */ = {
			isa = XCBuildConfiguration;
			buildSettings = {
				ALWAYS_EMBED_SWIFT_STANDARD_LIBRARIES = YES;
				BUNDLE_LOADER = "$(TEST_HOST)";
				CODE_SIGN_STYLE = Automatic;
				CURRENT_PROJECT_VERSION = 1;
				DEVELOPMENT_TEAM = C7KJ79ADA8;
				GENERATE_INFOPLIST_FILE = YES;
				IPHONEOS_DEPLOYMENT_TARGET = 14.0;
				LD_RUNPATH_SEARCH_PATHS = (
					"$(inherited)",
					"@executable_path/Frameworks",
					"@loader_path/Frameworks",
				);
				MARKETING_VERSION = 1.0;
				PRODUCT_BUNDLE_IDENTIFIER = "Xcode1.Animation-TestTests";
				PRODUCT_NAME = "$(TARGET_NAME)";
				SWIFT_EMIT_LOC_STRINGS = NO;
				SWIFT_VERSION = 5.0;
				TARGETED_DEVICE_FAMILY = "1,2";
				TEST_HOST = "$(BUILT_PRODUCTS_DIR)/Animation_Test.app/Animation_Test";
			};
			name = Release;
		};
		63F5A26127F3314C0052BE88 /* Debug */ = {
			isa = XCBuildConfiguration;
			buildSettings = {
				ALWAYS_EMBED_SWIFT_STANDARD_LIBRARIES = YES;
				CODE_SIGN_STYLE = Automatic;
				CURRENT_PROJECT_VERSION = 1;
				DEVELOPMENT_TEAM = C7KJ79ADA8;
				GENERATE_INFOPLIST_FILE = YES;
				LD_RUNPATH_SEARCH_PATHS = (
					"$(inherited)",
					"@executable_path/Frameworks",
					"@loader_path/Frameworks",
				);
				MARKETING_VERSION = 1.0;
				PRODUCT_BUNDLE_IDENTIFIER = "Xcode1.Animation-TestUITests";
				PRODUCT_NAME = "$(TARGET_NAME)";
				SWIFT_EMIT_LOC_STRINGS = NO;
				SWIFT_VERSION = 5.0;
				TARGETED_DEVICE_FAMILY = "1,2";
				TEST_TARGET_NAME = Animation_Test;
			};
			name = Debug;
		};
		63F5A26227F3314C0052BE88 /* Release */ = {
			isa = XCBuildConfiguration;
			buildSettings = {
				ALWAYS_EMBED_SWIFT_STANDARD_LIBRARIES = YES;
				CODE_SIGN_STYLE = Automatic;
				CURRENT_PROJECT_VERSION = 1;
				DEVELOPMENT_TEAM = C7KJ79ADA8;
				GENERATE_INFOPLIST_FILE = YES;
				LD_RUNPATH_SEARCH_PATHS = (
					"$(inherited)",
					"@executable_path/Frameworks",
					"@loader_path/Frameworks",
				);
				MARKETING_VERSION = 1.0;
				PRODUCT_BUNDLE_IDENTIFIER = "Xcode1.Animation-TestUITests";
				PRODUCT_NAME = "$(TARGET_NAME)";
				SWIFT_EMIT_LOC_STRINGS = NO;
				SWIFT_VERSION = 5.0;
				TARGETED_DEVICE_FAMILY = "1,2";
				TEST_TARGET_NAME = Animation_Test;
			};
			name = Release;
		};
/* End XCBuildConfiguration section */

/* Begin XCConfigurationList section */
		63F5A23127F3314B0052BE88 /* Build configuration list for PBXProject "Animation_Test" */ = {
			isa = XCConfigurationList;
			buildConfigurations = (
				63F5A25827F3314C0052BE88 /* Debug */,
				63F5A25927F3314C0052BE88 /* Release */,
			);
			defaultConfigurationIsVisible = 0;
			defaultConfigurationName = Release;
		};
		63F5A25A27F3314C0052BE88 /* Build configuration list for PBXNativeTarget "Animation_Test" */ = {
			isa = XCConfigurationList;
			buildConfigurations = (
				63F5A25B27F3314C0052BE88 /* Debug */,
				63F5A25C27F3314C0052BE88 /* Release */,
			);
			defaultConfigurationIsVisible = 0;
			defaultConfigurationName = Release;
		};
		63F5A25D27F3314C0052BE88 /* Build configuration list for PBXNativeTarget "Animation_TestTests" */ = {
			isa = XCConfigurationList;
			buildConfigurations = (
				63F5A25E27F3314C0052BE88 /* Debug */,
				63F5A25F27F3314C0052BE88 /* Release */,
			);
			defaultConfigurationIsVisible = 0;
			defaultConfigurationName = Release;
		};
		63F5A26027F3314C0052BE88 /* Build configuration list for PBXNativeTarget "Animation_TestUITests" */ = {
			isa = XCConfigurationList;
			buildConfigurations = (
				63F5A26127F3314C0052BE88 /* Debug */,
				63F5A26227F3314C0052BE88 /* Release */,
			);
			defaultConfigurationIsVisible = 0;
			defaultConfigurationName = Release;
		};
/* End XCConfigurationList section */
	};
	rootObject = 63F5A22E27F3314B0052BE88 /* Project object */;
}
